
Microsoft Visual Studio Solution File, Format Version 11.00
# Visual Studio 2010
Project("{FAE04EC0-301F-11D3-BF4B-00C04F79EFBC}") = "Assembly-CSharp", "Assembly-CSharp.csproj", "{868B3988-1BEC-F3F1-B1A5-7E910FD017EB}"
EndProject
Global
	GlobalSection(SolutionConfigurationPlatforms) = preSolution
		Debug|Any CPU = Debug|Any CPU
		Release|Any CPU = Release|Any CPU
	EndGlobalSection
	GlobalSection(ProjectConfigurationPlatforms) = postSolution
		{868B3988-1BEC-F3F1-B1A5-7E910FD017EB}.Debug|Any CPU.ActiveCfg = Debug|Any CPU
		{868B3988-1BEC-F3F1-B1A5-7E910FD017EB}.Debug|Any CPU.Build.0 = Debug|Any CPU
		{868B3988-1BEC-F3F1-B1A5-7E910FD017EB}.Release|Any CPU.ActiveCfg = Release|Any CPU
		{868B3988-1BEC-F3F1-B1A5-7E910FD017EB}.Release|Any CPU.Build.0 = Release|Any CPU
	EndGlobalSection
	GlobalSection(SolutionProperties) = preSolution
		HideSolutionNode = FALSE
	EndGlobalSection
EndGlobal
